// !$*UTF8*$!
{
	archiveVersion = 1;
	classes = {
	};
	objectVersion = 51;
	objects = {

/* Begin PBXBuildFile section */
		43092475B8F98BC870E83019 /* Pods_ViperChitChatTests.framework in Frameworks */ = {isa = PBXBuildFile; fileRef = 1FB77BA0FD52D00BB7670C03 /* Pods_ViperChitChatTests.framework */; };
		6C662FC3ACED308A6003B4BE /* Pods_ViperChitChat.framework in Frameworks */ = {isa = PBXBuildFile; fileRef = AA61C643AFECFA33A3AD83C7 /* Pods_ViperChitChat.framework */; };
		6D1C9D5224E027BD0073A806 /* GoogleService-Info.plist in Resources */ = {isa = PBXBuildFile; fileRef = 6D1C9D5124E027BD0073A806 /* GoogleService-Info.plist */; };
		6D1C9D6624E31BD30073A806 /* ViperChitChatTests.swift in Sources */ = {isa = PBXBuildFile; fileRef = 6D1C9D6524E31BD30073A806 /* ViperChitChatTests.swift */; };
		6D1C9D7424E31BE50073A806 /* ViperChitChatUITests.swift in Sources */ = {isa = PBXBuildFile; fileRef = 6D1C9D7324E31BE50073A806 /* ViperChitChatUITests.swift */; };
		6D1C9D7C24E321640073A806 /* SceneDelegate.swift in Sources */ = {isa = PBXBuildFile; fileRef = 6D1C9D7B24E321640073A806 /* SceneDelegate.swift */; };
		6D1C9D8324E32ECF0073A806 /* ChatLogRouter.swift in Sources */ = {isa = PBXBuildFile; fileRef = 6D1C9D8224E32ECF0073A806 /* ChatLogRouter.swift */; };
		6D1C9E5024E988FA0073A806 /* SignInViewController.swift in Sources */ = {isa = PBXBuildFile; fileRef = 6D1C9E4E24E988FA0073A806 /* SignInViewController.swift */; };
		6D1C9E5124E988FA0073A806 /* SignInViewController.xib in Resources */ = {isa = PBXBuildFile; fileRef = 6D1C9E4F24E988FA0073A806 /* SignInViewController.xib */; };
		6D1C9E5324E989D10073A806 /* SignInInterfaces.swift in Sources */ = {isa = PBXBuildFile; fileRef = 6D1C9E5224E989D10073A806 /* SignInInterfaces.swift */; };
		6D1C9E5524E98B540073A806 /* SignInPresenter.swift in Sources */ = {isa = PBXBuildFile; fileRef = 6D1C9E5424E98B540073A806 /* SignInPresenter.swift */; };
		6D1C9E5724E98E9F0073A806 /* SignInRouter.swift in Sources */ = {isa = PBXBuildFile; fileRef = 6D1C9E5624E98E9F0073A806 /* SignInRouter.swift */; };
		6D1C9E5924E98FDC0073A806 /* SignInInteractor.swift in Sources */ = {isa = PBXBuildFile; fileRef = 6D1C9E5824E98FDC0073A806 /* SignInInteractor.swift */; };
		6D1C9E5B24E9914A0073A806 /* SignInDataManager.swift in Sources */ = {isa = PBXBuildFile; fileRef = 6D1C9E5A24E9914A0073A806 /* SignInDataManager.swift */; };
		6D56F35424D9EDC700F635EA /* AppDelegate.swift in Sources */ = {isa = PBXBuildFile; fileRef = 6D56F35324D9EDC700F635EA /* AppDelegate.swift */; };
		6D56F36024D9EDC800F635EA /* Assets.xcassets in Resources */ = {isa = PBXBuildFile; fileRef = 6D56F35F24D9EDC800F635EA /* Assets.xcassets */; };
		6D56F36324D9EDC800F635EA /* LaunchScreen.storyboard in Resources */ = {isa = PBXBuildFile; fileRef = 6D56F36124D9EDC800F635EA /* LaunchScreen.storyboard */; };
		6DD48C1E24EC59EE003334C4 /* RegisterPresenter.swift in Sources */ = {isa = PBXBuildFile; fileRef = 6DD48C1D24EC59EE003334C4 /* RegisterPresenter.swift */; };
		6DD48C2024EC5BFB003334C4 /* RegisterInteractor.swift in Sources */ = {isa = PBXBuildFile; fileRef = 6DD48C1F24EC5BFB003334C4 /* RegisterInteractor.swift */; };
		6DD48C2224EC5C85003334C4 /* RegisterDataManager.swift in Sources */ = {isa = PBXBuildFile; fileRef = 6DD48C2124EC5C85003334C4 /* RegisterDataManager.swift */; };
		6DD48C2424EC5D64003334C4 /* RegisterRouter.swift in Sources */ = {isa = PBXBuildFile; fileRef = 6DD48C2324EC5D64003334C4 /* RegisterRouter.swift */; };
		6DDBF7F224EC449700E2D18A /* RegisterViewController.swift in Sources */ = {isa = PBXBuildFile; fileRef = 6DDBF7F024EC449700E2D18A /* RegisterViewController.swift */; };
		6DDBF7F324EC449700E2D18A /* RegisterViewController.xib in Resources */ = {isa = PBXBuildFile; fileRef = 6DDBF7F124EC449700E2D18A /* RegisterViewController.xib */; };
		6DDBF7F524EC46DF00E2D18A /* RegisterInterfaces.swift in Sources */ = {isa = PBXBuildFile; fileRef = 6DDBF7F424EC46DF00E2D18A /* RegisterInterfaces.swift */; };
		BFC9594026776B174F485A1A /* Pods_ViperChitChat_ViperChitChatUITests.framework in Frameworks */ = {isa = PBXBuildFile; fileRef = 9D8C05505D8BA8323F160CF0 /* Pods_ViperChitChat_ViperChitChatUITests.framework */; };
		ECCAF555BD1E0153776896C9 /* EarlGrey.framework in Frameworks */ = {isa = PBXBuildFile; fileRef = 612CAD144C252CBDDEA17CF5 /* EarlGrey.framework */; };
		EE58CCF36212F2CA4C2B8B40 /* EarlGrey.swift in Sources */ = {isa = PBXBuildFile; fileRef = F94847B7C1EF1216244A6E5D /* EarlGrey.swift */; };
/* End PBXBuildFile section */

/* Begin PBXContainerItemProxy section */
		6D1C9D6824E31BD30073A806 /* PBXContainerItemProxy */ = {
			isa = PBXContainerItemProxy;
			containerPortal = 6D56F34824D9EDC700F635EA /* Project object */;
			proxyType = 1;
			remoteGlobalIDString = 6D56F34F24D9EDC700F635EA;
			remoteInfo = ViperChitChat;
		};
		6D1C9D7624E31BE50073A806 /* PBXContainerItemProxy */ = {
			isa = PBXContainerItemProxy;
			containerPortal = 6D56F34824D9EDC700F635EA /* Project object */;
			proxyType = 1;
			remoteGlobalIDString = 6D56F34F24D9EDC700F635EA;
			remoteInfo = ViperChitChat;
		};
/* End PBXContainerItemProxy section */

/* Begin PBXFileReference section */
		03FCC3F91335F8A3B210BA58 /* Pods-ViperChitChat.debug.xcconfig */ = {isa = PBXFileReference; includeInIndex = 1; lastKnownFileType = text.xcconfig; name = "Pods-ViperChitChat.debug.xcconfig"; path = "Target Support Files/Pods-ViperChitChat/Pods-ViperChitChat.debug.xcconfig"; sourceTree = "<group>"; };
		0C789E33FC67DA8F3D395444 /* Pods-ViperChitChat-ViperChitChatUITests.debug.xcconfig */ = {isa = PBXFileReference; includeInIndex = 1; lastKnownFileType = text.xcconfig; name = "Pods-ViperChitChat-ViperChitChatUITests.debug.xcconfig"; path = "Target Support Files/Pods-ViperChitChat-ViperChitChatUITests/Pods-ViperChitChat-ViperChitChatUITests.debug.xcconfig"; sourceTree = "<group>"; };
		1FB77BA0FD52D00BB7670C03 /* Pods_ViperChitChatTests.framework */ = {isa = PBXFileReference; explicitFileType = wrapper.framework; includeInIndex = 0; path = Pods_ViperChitChatTests.framework; sourceTree = BUILT_PRODUCTS_DIR; };
		23B542875319BB0798BBB888 /* Pods-ViperChitChatTests.debug.xcconfig */ = {isa = PBXFileReference; includeInIndex = 1; lastKnownFileType = text.xcconfig; name = "Pods-ViperChitChatTests.debug.xcconfig"; path = "Target Support Files/Pods-ViperChitChatTests/Pods-ViperChitChatTests.debug.xcconfig"; sourceTree = "<group>"; };
		57382F40FA8B20489B52F951 /* Pods-ViperChitChat.release.xcconfig */ = {isa = PBXFileReference; includeInIndex = 1; lastKnownFileType = text.xcconfig; name = "Pods-ViperChitChat.release.xcconfig"; path = "Target Support Files/Pods-ViperChitChat/Pods-ViperChitChat.release.xcconfig"; sourceTree = "<group>"; };
		612CAD144C252CBDDEA17CF5 /* EarlGrey.framework */ = {isa = PBXFileReference; lastKnownFileType = wrapper.framework; name = EarlGrey.framework; path = Pods/EarlGrey/EarlGrey/EarlGrey.framework; sourceTree = SOURCE_ROOT; };
		6D1C9D5124E027BD0073A806 /* GoogleService-Info.plist */ = {isa = PBXFileReference; fileEncoding = 4; lastKnownFileType = text.plist.xml; path = "GoogleService-Info.plist"; sourceTree = "<group>"; };
		6D1C9D6324E31BD30073A806 /* ViperChitChatTests.xctest */ = {isa = PBXFileReference; explicitFileType = wrapper.cfbundle; includeInIndex = 0; path = ViperChitChatTests.xctest; sourceTree = BUILT_PRODUCTS_DIR; };
		6D1C9D6524E31BD30073A806 /* ViperChitChatTests.swift */ = {isa = PBXFileReference; lastKnownFileType = sourcecode.swift; path = ViperChitChatTests.swift; sourceTree = "<group>"; };
		6D1C9D6724E31BD30073A806 /* Info.plist */ = {isa = PBXFileReference; lastKnownFileType = text.plist.xml; path = Info.plist; sourceTree = "<group>"; };
		6D1C9D7124E31BE50073A806 /* ViperChitChatUITests.xctest */ = {isa = PBXFileReference; explicitFileType = wrapper.cfbundle; includeInIndex = 0; path = ViperChitChatUITests.xctest; sourceTree = BUILT_PRODUCTS_DIR; };
		6D1C9D7324E31BE50073A806 /* ViperChitChatUITests.swift */ = {isa = PBXFileReference; lastKnownFileType = sourcecode.swift; path = ViperChitChatUITests.swift; sourceTree = "<group>"; };
		6D1C9D7524E31BE50073A806 /* Info.plist */ = {isa = PBXFileReference; lastKnownFileType = text.plist.xml; path = Info.plist; sourceTree = "<group>"; };
		6D1C9D7B24E321640073A806 /* SceneDelegate.swift */ = {isa = PBXFileReference; fileEncoding = 4; lastKnownFileType = sourcecode.swift; path = SceneDelegate.swift; sourceTree = "<group>"; };
		6D1C9D8224E32ECF0073A806 /* ChatLogRouter.swift */ = {isa = PBXFileReference; lastKnownFileType = sourcecode.swift; path = ChatLogRouter.swift; sourceTree = "<group>"; };
		6D1C9E4E24E988FA0073A806 /* SignInViewController.swift */ = {isa = PBXFileReference; lastKnownFileType = sourcecode.swift; path = SignInViewController.swift; sourceTree = "<group>"; };
		6D1C9E4F24E988FA0073A806 /* SignInViewController.xib */ = {isa = PBXFileReference; lastKnownFileType = file.xib; path = SignInViewController.xib; sourceTree = "<group>"; };
		6D1C9E5224E989D10073A806 /* SignInInterfaces.swift */ = {isa = PBXFileReference; lastKnownFileType = sourcecode.swift; path = SignInInterfaces.swift; sourceTree = "<group>"; };
		6D1C9E5424E98B540073A806 /* SignInPresenter.swift */ = {isa = PBXFileReference; lastKnownFileType = sourcecode.swift; path = SignInPresenter.swift; sourceTree = "<group>"; };
		6D1C9E5624E98E9F0073A806 /* SignInRouter.swift */ = {isa = PBXFileReference; lastKnownFileType = sourcecode.swift; path = SignInRouter.swift; sourceTree = "<group>"; };
		6D1C9E5824E98FDC0073A806 /* SignInInteractor.swift */ = {isa = PBXFileReference; lastKnownFileType = sourcecode.swift; path = SignInInteractor.swift; sourceTree = "<group>"; };
		6D1C9E5A24E9914A0073A806 /* SignInDataManager.swift */ = {isa = PBXFileReference; lastKnownFileType = sourcecode.swift; path = SignInDataManager.swift; sourceTree = "<group>"; };
		6D56F35024D9EDC700F635EA /* ViperChitChat.app */ = {isa = PBXFileReference; explicitFileType = wrapper.application; includeInIndex = 0; path = ViperChitChat.app; sourceTree = BUILT_PRODUCTS_DIR; };
		6D56F35324D9EDC700F635EA /* AppDelegate.swift */ = {isa = PBXFileReference; lastKnownFileType = sourcecode.swift; path = AppDelegate.swift; sourceTree = "<group>"; };
		6D56F35F24D9EDC800F635EA /* Assets.xcassets */ = {isa = PBXFileReference; lastKnownFileType = folder.assetcatalog; path = Assets.xcassets; sourceTree = "<group>"; };
		6D56F36224D9EDC800F635EA /* Base */ = {isa = PBXFileReference; lastKnownFileType = file.storyboard; name = Base; path = Base.lproj/LaunchScreen.storyboard; sourceTree = "<group>"; };
		6D56F36424D9EDC800F635EA /* Info.plist */ = {isa = PBXFileReference; lastKnownFileType = text.plist.xml; path = Info.plist; sourceTree = "<group>"; };
		6DD48C1D24EC59EE003334C4 /* RegisterPresenter.swift */ = {isa = PBXFileReference; lastKnownFileType = sourcecode.swift; path = RegisterPresenter.swift; sourceTree = "<group>"; };
		6DD48C1F24EC5BFB003334C4 /* RegisterInteractor.swift */ = {isa = PBXFileReference; lastKnownFileType = sourcecode.swift; path = RegisterInteractor.swift; sourceTree = "<group>"; };
		6DD48C2124EC5C85003334C4 /* RegisterDataManager.swift */ = {isa = PBXFileReference; lastKnownFileType = sourcecode.swift; path = RegisterDataManager.swift; sourceTree = "<group>"; };
		6DD48C2324EC5D64003334C4 /* RegisterRouter.swift */ = {isa = PBXFileReference; lastKnownFileType = sourcecode.swift; path = RegisterRouter.swift; sourceTree = "<group>"; };
		6DDBF7F024EC449700E2D18A /* RegisterViewController.swift */ = {isa = PBXFileReference; lastKnownFileType = sourcecode.swift; path = RegisterViewController.swift; sourceTree = "<group>"; };
		6DDBF7F124EC449700E2D18A /* RegisterViewController.xib */ = {isa = PBXFileReference; lastKnownFileType = file.xib; path = RegisterViewController.xib; sourceTree = "<group>"; };
		6DDBF7F424EC46DF00E2D18A /* RegisterInterfaces.swift */ = {isa = PBXFileReference; lastKnownFileType = sourcecode.swift; path = RegisterInterfaces.swift; sourceTree = "<group>"; };
		858557EE78F8ED17EE26CBE3 /* Pods-ViperChitChatUITests.debug.xcconfig */ = {isa = PBXFileReference; includeInIndex = 1; lastKnownFileType = text.xcconfig; name = "Pods-ViperChitChatUITests.debug.xcconfig"; path = "Target Support Files/Pods-ViperChitChatUITests/Pods-ViperChitChatUITests.debug.xcconfig"; sourceTree = "<group>"; };
		8AD0F037D57DACD728917D9C /* Pods-ViperChitChatUITests.release.xcconfig */ = {isa = PBXFileReference; includeInIndex = 1; lastKnownFileType = text.xcconfig; name = "Pods-ViperChitChatUITests.release.xcconfig"; path = "Target Support Files/Pods-ViperChitChatUITests/Pods-ViperChitChatUITests.release.xcconfig"; sourceTree = "<group>"; };
		9D8C05505D8BA8323F160CF0 /* Pods_ViperChitChat_ViperChitChatUITests.framework */ = {isa = PBXFileReference; explicitFileType = wrapper.framework; includeInIndex = 0; path = Pods_ViperChitChat_ViperChitChatUITests.framework; sourceTree = BUILT_PRODUCTS_DIR; };
		A0E8C7C36A87FA71CA2C7EC0 /* Pods-ViperChitChat-ViperChitChatUITests.release.xcconfig */ = {isa = PBXFileReference; includeInIndex = 1; lastKnownFileType = text.xcconfig; name = "Pods-ViperChitChat-ViperChitChatUITests.release.xcconfig"; path = "Target Support Files/Pods-ViperChitChat-ViperChitChatUITests/Pods-ViperChitChat-ViperChitChatUITests.release.xcconfig"; sourceTree = "<group>"; };
		AA61C643AFECFA33A3AD83C7 /* Pods_ViperChitChat.framework */ = {isa = PBXFileReference; explicitFileType = wrapper.framework; includeInIndex = 0; path = Pods_ViperChitChat.framework; sourceTree = BUILT_PRODUCTS_DIR; };
		CE3827B0AEB14746FCC84E01 /* Pods-ViperChitChatTests.release.xcconfig */ = {isa = PBXFileReference; includeInIndex = 1; lastKnownFileType = text.xcconfig; name = "Pods-ViperChitChatTests.release.xcconfig"; path = "Target Support Files/Pods-ViperChitChatTests/Pods-ViperChitChatTests.release.xcconfig"; sourceTree = "<group>"; };
		F94847B7C1EF1216244A6E5D /* EarlGrey.swift */ = {isa = PBXFileReference; includeInIndex = 1; lastKnownFileType = sourcecode.swift; path = EarlGrey.swift; sourceTree = "<group>"; };
/* End PBXFileReference section */

/* Begin PBXFrameworksBuildPhase section */
		6D1C9D6024E31BD30073A806 /* Frameworks */ = {
			isa = PBXFrameworksBuildPhase;
			buildActionMask = 2147483647;
			files = (
				43092475B8F98BC870E83019 /* Pods_ViperChitChatTests.framework in Frameworks */,
			);
			runOnlyForDeploymentPostprocessing = 0;
		};
		6D1C9D6E24E31BE50073A806 /* Frameworks */ = {
			isa = PBXFrameworksBuildPhase;
			buildActionMask = 2147483647;
			files = (
				BFC9594026776B174F485A1A /* Pods_ViperChitChat_ViperChitChatUITests.framework in Frameworks */,
				ECCAF555BD1E0153776896C9 /* EarlGrey.framework in Frameworks */,
			);
			runOnlyForDeploymentPostprocessing = 0;
		};
		6D56F34D24D9EDC700F635EA /* Frameworks */ = {
			isa = PBXFrameworksBuildPhase;
			buildActionMask = 2147483647;
			files = (
				6C662FC3ACED308A6003B4BE /* Pods_ViperChitChat.framework in Frameworks */,
			);
			runOnlyForDeploymentPostprocessing = 0;
		};
/* End PBXFrameworksBuildPhase section */

/* Begin PBXGroup section */
		263EB6FD928C7C0D212BE570 /* Pods */ = {
			isa = PBXGroup;
			children = (
				03FCC3F91335F8A3B210BA58 /* Pods-ViperChitChat.debug.xcconfig */,
				57382F40FA8B20489B52F951 /* Pods-ViperChitChat.release.xcconfig */,
				23B542875319BB0798BBB888 /* Pods-ViperChitChatTests.debug.xcconfig */,
				CE3827B0AEB14746FCC84E01 /* Pods-ViperChitChatTests.release.xcconfig */,
				858557EE78F8ED17EE26CBE3 /* Pods-ViperChitChatUITests.debug.xcconfig */,
				8AD0F037D57DACD728917D9C /* Pods-ViperChitChatUITests.release.xcconfig */,
				0C789E33FC67DA8F3D395444 /* Pods-ViperChitChat-ViperChitChatUITests.debug.xcconfig */,
				A0E8C7C36A87FA71CA2C7EC0 /* Pods-ViperChitChat-ViperChitChatUITests.release.xcconfig */,
			);
			path = Pods;
			sourceTree = "<group>";
		};
		6D1C9D5524E09C780073A806 /* Register */ = {
			isa = PBXGroup;
			children = (
				6DDBF7EA24EC440900E2D18A /* View */,
				6DDBF7EB24EC441200E2D18A /* Interactor */,
				6DDBF7EC24EC442000E2D18A /* Presenter */,
				6DDBF7ED24EC443800E2D18A /* DataManager */,
				6DDBF7EE24EC444300E2D18A /* Router */,
				6DDBF7EF24EC444A00E2D18A /* Interfaces */,
			);
			path = Register;
			sourceTree = "<group>";
		};
		6D1C9D5624E09C7F0073A806 /* ChatList */ = {
			isa = PBXGroup;
			children = (
			);
			path = ChatList;
			sourceTree = "<group>";
		};
		6D1C9D5724E09C8A0073A806 /* CreateChat */ = {
			isa = PBXGroup;
			children = (
			);
			path = CreateChat;
			sourceTree = "<group>";
		};
		6D1C9D5824E09C9A0073A806 /* ChatLog */ = {
			isa = PBXGroup;
			children = (
				6D1C9D8224E32ECF0073A806 /* ChatLogRouter.swift */,
			);
			path = ChatLog;
			sourceTree = "<group>";
		};
		6D1C9D5924E09CA20073A806 /* Settings */ = {
			isa = PBXGroup;
			children = (
			);
			path = Settings;
			sourceTree = "<group>";
		};
		6D1C9D6424E31BD30073A806 /* ViperChitChatTests */ = {
			isa = PBXGroup;
			children = (
				6D1C9D6524E31BD30073A806 /* ViperChitChatTests.swift */,
				6D1C9D6724E31BD30073A806 /* Info.plist */,
			);
			path = ViperChitChatTests;
			sourceTree = "<group>";
		};
		6D1C9D7224E31BE50073A806 /* ViperChitChatUITests */ = {
			isa = PBXGroup;
			children = (
				6D1C9D7324E31BE50073A806 /* ViperChitChatUITests.swift */,
				6D1C9D7524E31BE50073A806 /* Info.plist */,
				F94847B7C1EF1216244A6E5D /* EarlGrey.swift */,
			);
			path = ViperChitChatUITests;
			sourceTree = "<group>";
		};
		6D1C9D7D24E32C4A0073A806 /* Common */ = {
			isa = PBXGroup;
			children = (
			);
			path = Common;
			sourceTree = "<group>";
		};
		6D1C9E4724E988870073A806 /* SignIn */ = {
			isa = PBXGroup;
			children = (
				6D1C9E4D24E988B50073A806 /* View */,
				6D1C9E4C24E988AF0073A806 /* Interactor */,
				6D1C9E4B24E988A80073A806 /* Presenter */,
				6D1C9E4A24E9889F0073A806 /* DataManager */,
				6D1C9E4924E9889A0073A806 /* Router */,
				6D1C9E4824E988920073A806 /* Interfaces */,
			);
			path = SignIn;
			sourceTree = "<group>";
		};
		6D1C9E4824E988920073A806 /* Interfaces */ = {
			isa = PBXGroup;
			children = (
				6D1C9E5224E989D10073A806 /* SignInInterfaces.swift */,
			);
			path = Interfaces;
			sourceTree = "<group>";
		};
		6D1C9E4924E9889A0073A806 /* Router */ = {
			isa = PBXGroup;
			children = (
				6D1C9E5624E98E9F0073A806 /* SignInRouter.swift */,
			);
			path = Router;
			sourceTree = "<group>";
		};
		6D1C9E4A24E9889F0073A806 /* DataManager */ = {
			isa = PBXGroup;
			children = (
				6D1C9E5A24E9914A0073A806 /* SignInDataManager.swift */,
			);
			path = DataManager;
			sourceTree = "<group>";
		};
		6D1C9E4B24E988A80073A806 /* Presenter */ = {
			isa = PBXGroup;
			children = (
				6D1C9E5424E98B540073A806 /* SignInPresenter.swift */,
			);
			path = Presenter;
			sourceTree = "<group>";
		};
		6D1C9E4C24E988AF0073A806 /* Interactor */ = {
			isa = PBXGroup;
			children = (
				6D1C9E5824E98FDC0073A806 /* SignInInteractor.swift */,
			);
			path = Interactor;
			sourceTree = "<group>";
		};
		6D1C9E4D24E988B50073A806 /* View */ = {
			isa = PBXGroup;
			children = (
				6D1C9E4E24E988FA0073A806 /* SignInViewController.swift */,
				6D1C9E4F24E988FA0073A806 /* SignInViewController.xib */,
			);
			path = View;
			sourceTree = "<group>";
		};
		6D56F34724D9EDC700F635EA = {
			isa = PBXGroup;
			children = (
				6D56F35224D9EDC700F635EA /* ViperChitChat */,
				6D1C9D6424E31BD30073A806 /* ViperChitChatTests */,
				6D1C9D7224E31BE50073A806 /* ViperChitChatUITests */,
				6D56F35124D9EDC700F635EA /* Products */,
				263EB6FD928C7C0D212BE570 /* Pods */,
				E418763F30EB6B06C8179A52 /* Frameworks */,
			);
			sourceTree = "<group>";
		};
		6D56F35124D9EDC700F635EA /* Products */ = {
			isa = PBXGroup;
			children = (
				6D56F35024D9EDC700F635EA /* ViperChitChat.app */,
				6D1C9D6324E31BD30073A806 /* ViperChitChatTests.xctest */,
				6D1C9D7124E31BE50073A806 /* ViperChitChatUITests.xctest */,
			);
			name = Products;
			sourceTree = "<group>";
		};
		6D56F35224D9EDC700F635EA /* ViperChitChat */ = {
			isa = PBXGroup;
			children = (
				6D1C9E4724E988870073A806 /* SignIn */,
				6D1C9D7D24E32C4A0073A806 /* Common */,
				6D1C9D5924E09CA20073A806 /* Settings */,
				6D1C9D5824E09C9A0073A806 /* ChatLog */,
				6D1C9D5724E09C8A0073A806 /* CreateChat */,
				6D1C9D5624E09C7F0073A806 /* ChatList */,
				6D1C9D5524E09C780073A806 /* Register */,
				6D56F35324D9EDC700F635EA /* AppDelegate.swift */,
				6D1C9D7B24E321640073A806 /* SceneDelegate.swift */,
				6D56F35F24D9EDC800F635EA /* Assets.xcassets */,
				6D1C9D5124E027BD0073A806 /* GoogleService-Info.plist */,
				6D56F36124D9EDC800F635EA /* LaunchScreen.storyboard */,
				6D56F36424D9EDC800F635EA /* Info.plist */,
			);
			path = ViperChitChat;
			sourceTree = "<group>";
		};
		6DDBF7EA24EC440900E2D18A /* View */ = {
			isa = PBXGroup;
			children = (
				6DDBF7F024EC449700E2D18A /* RegisterViewController.swift */,
				6DDBF7F124EC449700E2D18A /* RegisterViewController.xib */,
			);
			path = View;
			sourceTree = "<group>";
		};
		6DDBF7EB24EC441200E2D18A /* Interactor */ = {
			isa = PBXGroup;
			children = (
				6DD48C1F24EC5BFB003334C4 /* RegisterInteractor.swift */,
			);
			path = Interactor;
			sourceTree = "<group>";
		};
		6DDBF7EC24EC442000E2D18A /* Presenter */ = {
			isa = PBXGroup;
			children = (
				6DD48C1D24EC59EE003334C4 /* RegisterPresenter.swift */,
			);
			path = Presenter;
			sourceTree = "<group>";
		};
		6DDBF7ED24EC443800E2D18A /* DataManager */ = {
			isa = PBXGroup;
			children = (
				6DD48C2124EC5C85003334C4 /* RegisterDataManager.swift */,
			);
			path = DataManager;
			sourceTree = "<group>";
		};
		6DDBF7EE24EC444300E2D18A /* Router */ = {
			isa = PBXGroup;
			children = (
				6DD48C2324EC5D64003334C4 /* RegisterRouter.swift */,
			);
			path = Router;
			sourceTree = "<group>";
		};
		6DDBF7EF24EC444A00E2D18A /* Interfaces */ = {
			isa = PBXGroup;
			children = (
				6DDBF7F424EC46DF00E2D18A /* RegisterInterfaces.swift */,
			);
			path = Interfaces;
			sourceTree = "<group>";
		};
		E418763F30EB6B06C8179A52 /* Frameworks */ = {
			isa = PBXGroup;
			children = (
				AA61C643AFECFA33A3AD83C7 /* Pods_ViperChitChat.framework */,
				9D8C05505D8BA8323F160CF0 /* Pods_ViperChitChat_ViperChitChatUITests.framework */,
				1FB77BA0FD52D00BB7670C03 /* Pods_ViperChitChatTests.framework */,
				612CAD144C252CBDDEA17CF5 /* EarlGrey.framework */,
			);
			name = Frameworks;
			sourceTree = "<group>";
		};
/* End PBXGroup section */

/* Begin PBXNativeTarget section */
		6D1C9D6224E31BD30073A806 /* ViperChitChatTests */ = {
			isa = PBXNativeTarget;
			buildConfigurationList = 6D1C9D6A24E31BD30073A806 /* Build configuration list for PBXNativeTarget "ViperChitChatTests" */;
			buildPhases = (
				A6E83FB41E74AF5581A97C76 /* [CP] Check Pods Manifest.lock */,
				6D1C9D5F24E31BD30073A806 /* Sources */,
				6D1C9D6024E31BD30073A806 /* Frameworks */,
				6D1C9D6124E31BD30073A806 /* Resources */,
				E64A738478C6EF4FBC8EECAF /* [CP] Embed Pods Frameworks */,
			);
			buildRules = (
			);
			dependencies = (
				6D1C9D6924E31BD30073A806 /* PBXTargetDependency */,
			);
			name = ViperChitChatTests;
			productName = ViperChitChatTests;
			productReference = 6D1C9D6324E31BD30073A806 /* ViperChitChatTests.xctest */;
			productType = "com.apple.product-type.bundle.unit-test";
		};
		6D1C9D7024E31BE50073A806 /* ViperChitChatUITests */ = {
			isa = PBXNativeTarget;
			buildConfigurationList = 6D1C9D7824E31BE50073A806 /* Build configuration list for PBXNativeTarget "ViperChitChatUITests" */;
			buildPhases = (
				C758E19D5F8A683490140D42 /* [CP] Check Pods Manifest.lock */,
				6D1C9D6D24E31BE50073A806 /* Sources */,
				6D1C9D6E24E31BE50073A806 /* Frameworks */,
				6D1C9D6F24E31BE50073A806 /* Resources */,
				7510DB0659358CAC5AEDEBDF /* [CP] Embed Pods Frameworks */,
			);
			buildRules = (
			);
			dependencies = (
				6D1C9D7724E31BE50073A806 /* PBXTargetDependency */,
			);
			name = ViperChitChatUITests;
			productName = ViperChitChatUITests;
			productReference = 6D1C9D7124E31BE50073A806 /* ViperChitChatUITests.xctest */;
			productType = "com.apple.product-type.bundle.ui-testing";
		};
		6D56F34F24D9EDC700F635EA /* ViperChitChat */ = {
			isa = PBXNativeTarget;
			buildConfigurationList = 6D56F36724D9EDC800F635EA /* Build configuration list for PBXNativeTarget "ViperChitChat" */;
			buildPhases = (
				2C511266420E527ED6AEF40B /* [CP] Check Pods Manifest.lock */,
				6D56F34C24D9EDC700F635EA /* Sources */,
				6D56F34D24D9EDC700F635EA /* Frameworks */,
				6D56F34E24D9EDC700F635EA /* Resources */,
				6DC80E9124DC84F3001181A1 /* SwiftLint */,
				DC6838E0AA4CF24EDD7C38B8 /* [CP] Embed Pods Frameworks */,
			);
			buildRules = (
			);
			dependencies = (
			);
			name = ViperChitChat;
			productName = ViperChitChat;
			productReference = 6D56F35024D9EDC700F635EA /* ViperChitChat.app */;
			productType = "com.apple.product-type.application";
		};
/* End PBXNativeTarget section */

/* Begin PBXProject section */
		6D56F34824D9EDC700F635EA /* Project object */ = {
			isa = PBXProject;
			attributes = {
				LastSwiftUpdateCheck = 1150;
				LastUpgradeCheck = 1130;
				ORGANIZATIONNAME = "Rowan Rhodes";
				TargetAttributes = {
					6D1C9D6224E31BD30073A806 = {
						CreatedOnToolsVersion = 11.5;
						TestTargetID = 6D56F34F24D9EDC700F635EA;
					};
					6D1C9D7024E31BE50073A806 = {
						CreatedOnToolsVersion = 11.5;
						TestTargetID = 6D56F34F24D9EDC700F635EA;
					};
					6D56F34F24D9EDC700F635EA = {
						CreatedOnToolsVersion = 11.3.1;
					};
				};
			};
			buildConfigurationList = 6D56F34B24D9EDC700F635EA /* Build configuration list for PBXProject "ViperChitChat" */;
			compatibilityVersion = "Xcode 9.3";
			developmentRegion = en;
			hasScannedForEncodings = 0;
			knownRegions = (
				en,
				Base,
			);
			mainGroup = 6D56F34724D9EDC700F635EA;
			productRefGroup = 6D56F35124D9EDC700F635EA /* Products */;
			projectDirPath = "";
			projectRoot = "";
			targets = (
				6D56F34F24D9EDC700F635EA /* ViperChitChat */,
				6D1C9D6224E31BD30073A806 /* ViperChitChatTests */,
				6D1C9D7024E31BE50073A806 /* ViperChitChatUITests */,
			);
		};
/* End PBXProject section */

/* Begin PBXResourcesBuildPhase section */
		6D1C9D6124E31BD30073A806 /* Resources */ = {
			isa = PBXResourcesBuildPhase;
			buildActionMask = 2147483647;
			files = (
			);
			runOnlyForDeploymentPostprocessing = 0;
		};
		6D1C9D6F24E31BE50073A806 /* Resources */ = {
			isa = PBXResourcesBuildPhase;
			buildActionMask = 2147483647;
			files = (
			);
			runOnlyForDeploymentPostprocessing = 0;
		};
		6D56F34E24D9EDC700F635EA /* Resources */ = {
			isa = PBXResourcesBuildPhase;
			buildActionMask = 2147483647;
			files = (
				6D1C9E5124E988FA0073A806 /* SignInViewController.xib in Resources */,
				6DDBF7F324EC449700E2D18A /* RegisterViewController.xib in Resources */,
				6D56F36324D9EDC800F635EA /* LaunchScreen.storyboard in Resources */,
				6D1C9D5224E027BD0073A806 /* GoogleService-Info.plist in Resources */,
				6D56F36024D9EDC800F635EA /* Assets.xcassets in Resources */,
			);
			runOnlyForDeploymentPostprocessing = 0;
		};
/* End PBXResourcesBuildPhase section */

/* Begin PBXShellScriptBuildPhase section */
		2C511266420E527ED6AEF40B /* [CP] Check Pods Manifest.lock */ = {
			isa = PBXShellScriptBuildPhase;
			buildActionMask = 2147483647;
			files = (
			);
			inputFileListPaths = (
			);
			inputPaths = (
				"${PODS_PODFILE_DIR_PATH}/Podfile.lock",
				"${PODS_ROOT}/Manifest.lock",
			);
			name = "[CP] Check Pods Manifest.lock";
			outputFileListPaths = (
			);
			outputPaths = (
				"$(DERIVED_FILE_DIR)/Pods-ViperChitChat-checkManifestLockResult.txt",
			);
			runOnlyForDeploymentPostprocessing = 0;
			shellPath = /bin/sh;
			shellScript = "diff \"${PODS_PODFILE_DIR_PATH}/Podfile.lock\" \"${PODS_ROOT}/Manifest.lock\" > /dev/null\nif [ $? != 0 ] ; then\n    # print error to STDERR\n    echo \"error: The sandbox is not in sync with the Podfile.lock. Run 'pod install' or update your CocoaPods installation.\" >&2\n    exit 1\nfi\n# This output is used by Xcode 'outputs' to avoid re-running this script phase.\necho \"SUCCESS\" > \"${SCRIPT_OUTPUT_FILE_0}\"\n";
			showEnvVarsInLog = 0;
		};
		6DC80E9124DC84F3001181A1 /* SwiftLint */ = {
			isa = PBXShellScriptBuildPhase;
			buildActionMask = 2147483647;
			files = (
			);
			inputFileListPaths = (
			);
			inputPaths = (
			);
			name = SwiftLint;
			outputFileListPaths = (
			);
			outputPaths = (
			);
			runOnlyForDeploymentPostprocessing = 0;
			shellPath = /bin/sh;
			shellScript = "\"${PODS_ROOT}/SwiftLint/swiftlint\"\n";
		};
		7510DB0659358CAC5AEDEBDF /* [CP] Embed Pods Frameworks */ = {
			isa = PBXShellScriptBuildPhase;
			buildActionMask = 2147483647;
			files = (
			);
			inputFileListPaths = (
				"${PODS_ROOT}/Target Support Files/Pods-ViperChitChat-ViperChitChatUITests/Pods-ViperChitChat-ViperChitChatUITests-frameworks-${CONFIGURATION}-input-files.xcfilelist",
			);
			name = "[CP] Embed Pods Frameworks";
			outputFileListPaths = (
				"${PODS_ROOT}/Target Support Files/Pods-ViperChitChat-ViperChitChatUITests/Pods-ViperChitChat-ViperChitChatUITests-frameworks-${CONFIGURATION}-output-files.xcfilelist",
			);
			runOnlyForDeploymentPostprocessing = 0;
			shellPath = /bin/sh;
			shellScript = "\"${PODS_ROOT}/Target Support Files/Pods-ViperChitChat-ViperChitChatUITests/Pods-ViperChitChat-ViperChitChatUITests-frameworks.sh\"\n";
			showEnvVarsInLog = 0;
		};
		A6E83FB41E74AF5581A97C76 /* [CP] Check Pods Manifest.lock */ = {
			isa = PBXShellScriptBuildPhase;
			buildActionMask = 2147483647;
			files = (
			);
			inputFileListPaths = (
			);
			inputPaths = (
				"${PODS_PODFILE_DIR_PATH}/Podfile.lock",
				"${PODS_ROOT}/Manifest.lock",
			);
			name = "[CP] Check Pods Manifest.lock";
			outputFileListPaths = (
			);
			outputPaths = (
				"$(DERIVED_FILE_DIR)/Pods-ViperChitChatTests-checkManifestLockResult.txt",
			);
			runOnlyForDeploymentPostprocessing = 0;
			shellPath = /bin/sh;
			shellScript = "diff \"${PODS_PODFILE_DIR_PATH}/Podfile.lock\" \"${PODS_ROOT}/Manifest.lock\" > /dev/null\nif [ $? != 0 ] ; then\n    # print error to STDERR\n    echo \"error: The sandbox is not in sync with the Podfile.lock. Run 'pod install' or update your CocoaPods installation.\" >&2\n    exit 1\nfi\n# This output is used by Xcode 'outputs' to avoid re-running this script phase.\necho \"SUCCESS\" > \"${SCRIPT_OUTPUT_FILE_0}\"\n";
			showEnvVarsInLog = 0;
		};
		C758E19D5F8A683490140D42 /* [CP] Check Pods Manifest.lock */ = {
			isa = PBXShellScriptBuildPhase;
			buildActionMask = 2147483647;
			files = (
			);
			inputFileListPaths = (
			);
			inputPaths = (
				"${PODS_PODFILE_DIR_PATH}/Podfile.lock",
				"${PODS_ROOT}/Manifest.lock",
			);
			name = "[CP] Check Pods Manifest.lock";
			outputFileListPaths = (
			);
			outputPaths = (
				"$(DERIVED_FILE_DIR)/Pods-ViperChitChat-ViperChitChatUITests-checkManifestLockResult.txt",
			);
			runOnlyForDeploymentPostprocessing = 0;
			shellPath = /bin/sh;
			shellScript = "diff \"${PODS_PODFILE_DIR_PATH}/Podfile.lock\" \"${PODS_ROOT}/Manifest.lock\" > /dev/null\nif [ $? != 0 ] ; then\n    # print error to STDERR\n    echo \"error: The sandbox is not in sync with the Podfile.lock. Run 'pod install' or update your CocoaPods installation.\" >&2\n    exit 1\nfi\n# This output is used by Xcode 'outputs' to avoid re-running this script phase.\necho \"SUCCESS\" > \"${SCRIPT_OUTPUT_FILE_0}\"\n";
			showEnvVarsInLog = 0;
		};
		DC6838E0AA4CF24EDD7C38B8 /* [CP] Embed Pods Frameworks */ = {
			isa = PBXShellScriptBuildPhase;
			buildActionMask = 2147483647;
			files = (
			);
			inputFileListPaths = (
				"${PODS_ROOT}/Target Support Files/Pods-ViperChitChat/Pods-ViperChitChat-frameworks-${CONFIGURATION}-input-files.xcfilelist",
			);
			name = "[CP] Embed Pods Frameworks";
			outputFileListPaths = (
				"${PODS_ROOT}/Target Support Files/Pods-ViperChitChat/Pods-ViperChitChat-frameworks-${CONFIGURATION}-output-files.xcfilelist",
			);
			runOnlyForDeploymentPostprocessing = 0;
			shellPath = /bin/sh;
			shellScript = "\"${PODS_ROOT}/Target Support Files/Pods-ViperChitChat/Pods-ViperChitChat-frameworks.sh\"\n";
			showEnvVarsInLog = 0;
		};
		E64A738478C6EF4FBC8EECAF /* [CP] Embed Pods Frameworks */ = {
			isa = PBXShellScriptBuildPhase;
			buildActionMask = 2147483647;
			files = (
			);
			inputFileListPaths = (
				"${PODS_ROOT}/Target Support Files/Pods-ViperChitChatTests/Pods-ViperChitChatTests-frameworks-${CONFIGURATION}-input-files.xcfilelist",
			);
			name = "[CP] Embed Pods Frameworks";
			outputFileListPaths = (
				"${PODS_ROOT}/Target Support Files/Pods-ViperChitChatTests/Pods-ViperChitChatTests-frameworks-${CONFIGURATION}-output-files.xcfilelist",
			);
			runOnlyForDeploymentPostprocessing = 0;
			shellPath = /bin/sh;
			shellScript = "\"${PODS_ROOT}/Target Support Files/Pods-ViperChitChatTests/Pods-ViperChitChatTests-frameworks.sh\"\n";
			showEnvVarsInLog = 0;
		};
/* End PBXShellScriptBuildPhase section */

/* Begin PBXSourcesBuildPhase section */
		6D1C9D5F24E31BD30073A806 /* Sources */ = {
			isa = PBXSourcesBuildPhase;
			buildActionMask = 2147483647;
			files = (
				6D1C9D6624E31BD30073A806 /* ViperChitChatTests.swift in Sources */,
			);
			runOnlyForDeploymentPostprocessing = 0;
		};
		6D1C9D6D24E31BE50073A806 /* Sources */ = {
			isa = PBXSourcesBuildPhase;
			buildActionMask = 2147483647;
			files = (
				6D1C9D7424E31BE50073A806 /* ViperChitChatUITests.swift in Sources */,
				EE58CCF36212F2CA4C2B8B40 /* EarlGrey.swift in Sources */,
			);
			runOnlyForDeploymentPostprocessing = 0;
		};
		6D56F34C24D9EDC700F635EA /* Sources */ = {
			isa = PBXSourcesBuildPhase;
			buildActionMask = 2147483647;
			files = (
				6D1C9E5524E98B540073A806 /* SignInPresenter.swift in Sources */,
				6DD48C2224EC5C85003334C4 /* RegisterDataManager.swift in Sources */,
				6DDBF7F224EC449700E2D18A /* RegisterViewController.swift in Sources */,
				6D1C9E5024E988FA0073A806 /* SignInViewController.swift in Sources */,
				6D56F35424D9EDC700F635EA /* AppDelegate.swift in Sources */,
				6DD48C1E24EC59EE003334C4 /* RegisterPresenter.swift in Sources */,
				6D1C9E5724E98E9F0073A806 /* SignInRouter.swift in Sources */,
				6D1C9E5924E98FDC0073A806 /* SignInInteractor.swift in Sources */,
				6DDBF7F524EC46DF00E2D18A /* RegisterInterfaces.swift in Sources */,
				6D1C9E5B24E9914A0073A806 /* SignInDataManager.swift in Sources */,
				6D1C9D7C24E321640073A806 /* SceneDelegate.swift in Sources */,
				6DD48C2424EC5D64003334C4 /* RegisterRouter.swift in Sources */,
				6DD48C2024EC5BFB003334C4 /* RegisterInteractor.swift in Sources */,
				6D1C9D8324E32ECF0073A806 /* ChatLogRouter.swift in Sources */,
				6D1C9E5324E989D10073A806 /* SignInInterfaces.swift in Sources */,
			);
			runOnlyForDeploymentPostprocessing = 0;
		};
/* End PBXSourcesBuildPhase section */

/* Begin PBXTargetDependency section */
		6D1C9D6924E31BD30073A806 /* PBXTargetDependency */ = {
			isa = PBXTargetDependency;
			target = 6D56F34F24D9EDC700F635EA /* ViperChitChat */;
			targetProxy = 6D1C9D6824E31BD30073A806 /* PBXContainerItemProxy */;
		};
		6D1C9D7724E31BE50073A806 /* PBXTargetDependency */ = {
			isa = PBXTargetDependency;
			target = 6D56F34F24D9EDC700F635EA /* ViperChitChat */;
			targetProxy = 6D1C9D7624E31BE50073A806 /* PBXContainerItemProxy */;
		};
/* End PBXTargetDependency section */

/* Begin PBXVariantGroup section */
		6D56F36124D9EDC800F635EA /* LaunchScreen.storyboard */ = {
			isa = PBXVariantGroup;
			children = (
				6D56F36224D9EDC800F635EA /* Base */,
			);
			name = LaunchScreen.storyboard;
			sourceTree = "<group>";
		};
/* End PBXVariantGroup section */

/* Begin XCBuildConfiguration section */
		6D1C9D6B24E31BD30073A806 /* Debug */ = {
			isa = XCBuildConfiguration;
			baseConfigurationReference = 23B542875319BB0798BBB888 /* Pods-ViperChitChatTests.debug.xcconfig */;
			buildSettings = {
				BUNDLE_LOADER = "$(TEST_HOST)";
				CODE_SIGN_STYLE = Automatic;
				DEVELOPMENT_TEAM = AZ4P4F7384;
				INFOPLIST_FILE = ViperChitChatTests/Info.plist;
				IPHONEOS_DEPLOYMENT_TARGET = 13.5;
				LD_RUNPATH_SEARCH_PATHS = (
					"$(inherited)",
					"@executable_path/Frameworks",
					"@loader_path/Frameworks",
				);
				PRODUCT_BUNDLE_IDENTIFIER = rowanrhodes.ViperChitChatTests;
				PRODUCT_NAME = "$(TARGET_NAME)";
				SWIFT_VERSION = 5.0;
				TARGETED_DEVICE_FAMILY = "1,2";
				TEST_HOST = "$(BUILT_PRODUCTS_DIR)/ViperChitChat.app/ViperChitChat";
			};
			name = Debug;
		};
		6D1C9D6C24E31BD30073A806 /* Release */ = {
			isa = XCBuildConfiguration;
			baseConfigurationReference = CE3827B0AEB14746FCC84E01 /* Pods-ViperChitChatTests.release.xcconfig */;
			buildSettings = {
				BUNDLE_LOADER = "$(TEST_HOST)";
				CODE_SIGN_STYLE = Automatic;
				DEVELOPMENT_TEAM = AZ4P4F7384;
				INFOPLIST_FILE = ViperChitChatTests/Info.plist;
				IPHONEOS_DEPLOYMENT_TARGET = 13.5;
				LD_RUNPATH_SEARCH_PATHS = (
					"$(inherited)",
					"@executable_path/Frameworks",
					"@loader_path/Frameworks",
				);
				PRODUCT_BUNDLE_IDENTIFIER = rowanrhodes.ViperChitChatTests;
				PRODUCT_NAME = "$(TARGET_NAME)";
				SWIFT_VERSION = 5.0;
				TARGETED_DEVICE_FAMILY = "1,2";
				TEST_HOST = "$(BUILT_PRODUCTS_DIR)/ViperChitChat.app/ViperChitChat";
			};
			name = Release;
		};
		6D1C9D7924E31BE50073A806 /* Debug */ = {
			isa = XCBuildConfiguration;
			baseConfigurationReference = 0C789E33FC67DA8F3D395444 /* Pods-ViperChitChat-ViperChitChatUITests.debug.xcconfig */;
			buildSettings = {
				CODE_SIGN_STYLE = Automatic;
				DEVELOPMENT_TEAM = AZ4P4F7384;
				INFOPLIST_FILE = ViperChitChatUITests/Info.plist;
				IPHONEOS_DEPLOYMENT_TARGET = 13.5;
				LD_RUNPATH_SEARCH_PATHS = (
					"$(inherited)",
					"@executable_path/Frameworks",
					"@loader_path/Frameworks",
				);
				PRODUCT_BUNDLE_IDENTIFIER = rowanrhodes.ViperChitChatUITests;
				PRODUCT_NAME = "$(TARGET_NAME)";
				SWIFT_VERSION = 5.0;
				TARGETED_DEVICE_FAMILY = "1,2";
				TEST_TARGET_NAME = ViperChitChat;
			};
			name = Debug;
		};
		6D1C9D7A24E31BE50073A806 /* Release */ = {
			isa = XCBuildConfiguration;
			baseConfigurationReference = A0E8C7C36A87FA71CA2C7EC0 /* Pods-ViperChitChat-ViperChitChatUITests.release.xcconfig */;
			buildSettings = {
				CODE_SIGN_STYLE = Automatic;
				DEVELOPMENT_TEAM = AZ4P4F7384;
				INFOPLIST_FILE = ViperChitChatUITests/Info.plist;
				IPHONEOS_DEPLOYMENT_TARGET = 13.5;
				LD_RUNPATH_SEARCH_PATHS = (
					"$(inherited)",
					"@executable_path/Frameworks",
					"@loader_path/Frameworks",
				);
				PRODUCT_BUNDLE_IDENTIFIER = rowanrhodes.ViperChitChatUITests;
				PRODUCT_NAME = "$(TARGET_NAME)";
				SWIFT_VERSION = 5.0;
				TARGETED_DEVICE_FAMILY = "1,2";
				TEST_TARGET_NAME = ViperChitChat;
			};
			name = Release;
		};
		6D56F36524D9EDC800F635EA /* Debug */ = {
			isa = XCBuildConfiguration;
			buildSettings = {
				ALWAYS_SEARCH_USER_PATHS = NO;
				CLANG_ANALYZER_NONNULL = YES;
				CLANG_ANALYZER_NUMBER_OBJECT_CONVERSION = YES_AGGRESSIVE;
				CLANG_CXX_LANGUAGE_STANDARD = "gnu++14";
				CLANG_CXX_LIBRARY = "libc++";
				CLANG_ENABLE_MODULES = YES;
				CLANG_ENABLE_OBJC_ARC = YES;
				CLANG_ENABLE_OBJC_WEAK = YES;
				CLANG_WARN_BLOCK_CAPTURE_AUTORELEASING = YES;
				CLANG_WARN_BOOL_CONVERSION = YES;
				CLANG_WARN_COMMA = YES;
				CLANG_WARN_CONSTANT_CONVERSION = YES;
				CLANG_WARN_DEPRECATED_OBJC_IMPLEMENTATIONS = YES;
				CLANG_WARN_DIRECT_OBJC_ISA_USAGE = YES_ERROR;
				CLANG_WARN_DOCUMENTATION_COMMENTS = YES;
				CLANG_WARN_EMPTY_BODY = YES;
				CLANG_WARN_ENUM_CONVERSION = YES;
				CLANG_WARN_INFINITE_RECURSION = YES;
				CLANG_WARN_INT_CONVERSION = YES;
				CLANG_WARN_NON_LITERAL_NULL_CONVERSION = YES;
				CLANG_WARN_OBJC_IMPLICIT_RETAIN_SELF = YES;
				CLANG_WARN_OBJC_LITERAL_CONVERSION = YES;
				CLANG_WARN_OBJC_ROOT_CLASS = YES_ERROR;
				CLANG_WARN_RANGE_LOOP_ANALYSIS = YES;
				CLANG_WARN_STRICT_PROTOTYPES = YES;
				CLANG_WARN_SUSPICIOUS_MOVE = YES;
				CLANG_WARN_UNGUARDED_AVAILABILITY = YES_AGGRESSIVE;
				CLANG_WARN_UNREACHABLE_CODE = YES;
				CLANG_WARN__DUPLICATE_METHOD_MATCH = YES;
				COPY_PHASE_STRIP = NO;
				DEBUG_INFORMATION_FORMAT = dwarf;
				ENABLE_STRICT_OBJC_MSGSEND = YES;
				ENABLE_TESTABILITY = YES;
				GCC_C_LANGUAGE_STANDARD = gnu11;
				GCC_DYNAMIC_NO_PIC = NO;
				GCC_NO_COMMON_BLOCKS = YES;
				GCC_OPTIMIZATION_LEVEL = 0;
				GCC_PREPROCESSOR_DEFINITIONS = (
					"DEBUG=1",
					"$(inherited)",
				);
				GCC_WARN_64_TO_32_BIT_CONVERSION = YES;
				GCC_WARN_ABOUT_RETURN_TYPE = YES_ERROR;
				GCC_WARN_UNDECLARED_SELECTOR = YES;
				GCC_WARN_UNINITIALIZED_AUTOS = YES_AGGRESSIVE;
				GCC_WARN_UNUSED_FUNCTION = YES;
				GCC_WARN_UNUSED_VARIABLE = YES;
				IPHONEOS_DEPLOYMENT_TARGET = 13.1;
				MTL_ENABLE_DEBUG_INFO = INCLUDE_SOURCE;
				MTL_FAST_MATH = YES;
				ONLY_ACTIVE_ARCH = YES;
				SDKROOT = iphoneos;
				SWIFT_ACTIVE_COMPILATION_CONDITIONS = DEBUG;
				SWIFT_OPTIMIZATION_LEVEL = "-Onone";
			};
			name = Debug;
		};
		6D56F36624D9EDC800F635EA /* Release */ = {
			isa = XCBuildConfiguration;
			buildSettings = {
				ALWAYS_SEARCH_USER_PATHS = NO;
				CLANG_ANALYZER_NONNULL = YES;
				CLANG_ANALYZER_NUMBER_OBJECT_CONVERSION = YES_AGGRESSIVE;
				CLANG_CXX_LANGUAGE_STANDARD = "gnu++14";
				CLANG_CXX_LIBRARY = "libc++";
				CLANG_ENABLE_MODULES = YES;
				CLANG_ENABLE_OBJC_ARC = YES;
				CLANG_ENABLE_OBJC_WEAK = YES;
				CLANG_WARN_BLOCK_CAPTURE_AUTORELEASING = YES;
				CLANG_WARN_BOOL_CONVERSION = YES;
				CLANG_WARN_COMMA = YES;
				CLANG_WARN_CONSTANT_CONVERSION = YES;
				CLANG_WARN_DEPRECATED_OBJC_IMPLEMENTATIONS = YES;
				CLANG_WARN_DIRECT_OBJC_ISA_USAGE = YES_ERROR;
				CLANG_WARN_DOCUMENTATION_COMMENTS = YES;
				CLANG_WARN_EMPTY_BODY = YES;
				CLANG_WARN_ENUM_CONVERSION = YES;
				CLANG_WARN_INFINITE_RECURSION = YES;
				CLANG_WARN_INT_CONVERSION = YES;
				CLANG_WARN_NON_LITERAL_NULL_CONVERSION = YES;
				CLANG_WARN_OBJC_IMPLICIT_RETAIN_SELF = YES;
				CLANG_WARN_OBJC_LITERAL_CONVERSION = YES;
				CLANG_WARN_OBJC_ROOT_CLASS = YES_ERROR;
				CLANG_WARN_RANGE_LOOP_ANALYSIS = YES;
				CLANG_WARN_STRICT_PROTOTYPES = YES;
				CLANG_WARN_SUSPICIOUS_MOVE = YES;
				CLANG_WARN_UNGUARDED_AVAILABILITY = YES_AGGRESSIVE;
				CLANG_WARN_UNREACHABLE_CODE = YES;
				CLANG_WARN__DUPLICATE_METHOD_MATCH = YES;
				COPY_PHASE_STRIP = NO;
				DEBUG_INFORMATION_FORMAT = "dwarf-with-dsym";
				ENABLE_NS_ASSERTIONS = NO;
				ENABLE_STRICT_OBJC_MSGSEND = YES;
				GCC_C_LANGUAGE_STANDARD = gnu11;
				GCC_NO_COMMON_BLOCKS = YES;
				GCC_WARN_64_TO_32_BIT_CONVERSION = YES;
				GCC_WARN_ABOUT_RETURN_TYPE = YES_ERROR;
				GCC_WARN_UNDECLARED_SELECTOR = YES;
				GCC_WARN_UNINITIALIZED_AUTOS = YES_AGGRESSIVE;
				GCC_WARN_UNUSED_FUNCTION = YES;
				GCC_WARN_UNUSED_VARIABLE = YES;
				IPHONEOS_DEPLOYMENT_TARGET = 13.1;
				MTL_ENABLE_DEBUG_INFO = NO;
				MTL_FAST_MATH = YES;
				SDKROOT = iphoneos;
				SWIFT_COMPILATION_MODE = wholemodule;
				SWIFT_OPTIMIZATION_LEVEL = "-O";
				VALIDATE_PRODUCT = YES;
			};
			name = Release;
		};
		6D56F36824D9EDC800F635EA /* Debug */ = {
			isa = XCBuildConfiguration;
			baseConfigurationReference = 03FCC3F91335F8A3B210BA58 /* Pods-ViperChitChat.debug.xcconfig */;
			buildSettings = {
				ASSETCATALOG_COMPILER_APPICON_NAME = AppIcon;
				CODE_SIGN_IDENTITY = "Apple Development";
				CODE_SIGN_STYLE = Automatic;
				DEVELOPMENT_TEAM = AZ4P4F7384;
				INFOPLIST_FILE = ViperChitChat/Info.plist;
				LD_RUNPATH_SEARCH_PATHS = (
					"$(inherited)",
					"@executable_path/Frameworks",
				);
				MARKETING_VERSION = 1.0.4;
				PRODUCT_BUNDLE_IDENTIFIER = com.RowanRhodes.ViperChitChat;
				PRODUCT_NAME = "$(TARGET_NAME)";
				PROVISIONING_PROFILE_SPECIFIER = "";
				SWIFT_VERSION = 5.0;
				TARGETED_DEVICE_FAMILY = "1,2";
			};
			name = Debug;
		};
		6D56F36924D9EDC800F635EA /* Release */ = {
			isa = XCBuildConfiguration;
			baseConfigurationReference = 57382F40FA8B20489B52F951 /* Pods-ViperChitChat.release.xcconfig */;
			buildSettings = {
				ASSETCATALOG_COMPILER_APPICON_NAME = AppIcon;
				CODE_SIGN_IDENTITY = "Apple Development";
				CODE_SIGN_STYLE = Automatic;
				DEVELOPMENT_TEAM = AZ4P4F7384;
				INFOPLIST_FILE = ViperChitChat/Info.plist;
				LD_RUNPATH_SEARCH_PATHS = (
					"$(inherited)",
					"@executable_path/Frameworks",
				);
				MARKETING_VERSION = 1.0.4;
				PRODUCT_BUNDLE_IDENTIFIER = com.RowanRhodes.ViperChitChat;
				PRODUCT_NAME = "$(TARGET_NAME)";
				PROVISIONING_PROFILE_SPECIFIER = "";
				SWIFT_VERSION = 5.0;
				TARGETED_DEVICE_FAMILY = "1,2";
			};
			name = Release;
		};
/* End XCBuildConfiguration section */

/* Begin XCConfigurationList section */
		6D1C9D6A24E31BD30073A806 /* Build configuration list for PBXNativeTarget "ViperChitChatTests" */ = {
			isa = XCConfigurationList;
			buildConfigurations = (
				6D1C9D6B24E31BD30073A806 /* Debug */,
				6D1C9D6C24E31BD30073A806 /* Release */,
			);
			defaultConfigurationIsVisible = 0;
			defaultConfigurationName = Release;
		};
		6D1C9D7824E31BE50073A806 /* Build configuration list for PBXNativeTarget "ViperChitChatUITests" */ = {
			isa = XCConfigurationList;
			buildConfigurations = (
				6D1C9D7924E31BE50073A806 /* Debug */,
				6D1C9D7A24E31BE50073A806 /* Release */,
			);
			defaultConfigurationIsVisible = 0;
			defaultConfigurationName = Release;
		};
		6D56F34B24D9EDC700F635EA /* Build configuration list for PBXProject "ViperChitChat" */ = {
			isa = XCConfigurationList;
			buildConfigurations = (
				6D56F36524D9EDC800F635EA /* Debug */,
				6D56F36624D9EDC800F635EA /* Release */,
			);
			defaultConfigurationIsVisible = 0;
			defaultConfigurationName = Release;
		};
		6D56F36724D9EDC800F635EA /* Build configuration list for PBXNativeTarget "ViperChitChat" */ = {
			isa = XCConfigurationList;
			buildConfigurations = (
				6D56F36824D9EDC800F635EA /* Debug */,
				6D56F36924D9EDC800F635EA /* Release */,
			);
			defaultConfigurationIsVisible = 0;
			defaultConfigurationName = Release;
		};
/* End XCConfigurationList section */
	};
	rootObject = 6D56F34824D9EDC700F635EA /* Project object */;
}
